// !$*UTF8*$!
{
	archiveVersion = 1;
	classes = {
	};
	objectVersion = 46;
	objects = {

/* Begin PBXBuildFile section */
		ACA27F4B1D3CE072001390D9 /* main.m in Sources */ = {isa = PBXBuildFile; fileRef = ACA27F4A1D3CE072001390D9 /* main.m */; };
		ACA27F4E1D3CE072001390D9 /* AppDelegate.m in Sources */ = {isa = PBXBuildFile; fileRef = ACA27F4D1D3CE072001390D9 /* AppDelegate.m */; };
		ACA27F511D3CE072001390D9 /* ViewController.m in Sources */ = {isa = PBXBuildFile; fileRef = ACA27F501D3CE072001390D9 /* ViewController.m */; };
		ACA27F541D3CE072001390D9 /* Main.storyboard in Resources */ = {isa = PBXBuildFile; fileRef = ACA27F521D3CE072001390D9 /* Main.storyboard */; };
		ACA27F561D3CE072001390D9 /* Assets.xcassets in Resources */ = {isa = PBXBuildFile; fileRef = ACA27F551D3CE072001390D9 /* Assets.xcassets */; };
		ACA27F591D3CE072001390D9 /* LaunchScreen.storyboard in Resources */ = {isa = PBXBuildFile; fileRef = ACA27F571D3CE072001390D9 /* LaunchScreen.storyboard */; };
		ACA27F691D3CE0DA001390D9 /* ApiXml.mm in Sources */ = {isa = PBXBuildFile; fileRef = ACA27F641D3CE0DA001390D9 /* ApiXml.mm */; };
		ACA27F6A1D3CE0DA001390D9 /* payRequsestHandler.mm in Sources */ = {isa = PBXBuildFile; fileRef = ACA27F661D3CE0DA001390D9 /* payRequsestHandler.mm */; };
		ACA27F6B1D3CE0DA001390D9 /* WXUtil.mm in Sources */ = {isa = PBXBuildFile; fileRef = ACA27F681D3CE0DA001390D9 /* WXUtil.mm */; };
		ACA27F6F1D3CE0E1001390D9 /* libWeChatSDK.a in Frameworks */ = {isa = PBXBuildFile; fileRef = ACA27F6C1D3CE0E1001390D9 /* libWeChatSDK.a */; };
		ACA27F711D3CE0F9001390D9 /* CoreGraphics.framework in Frameworks */ = {isa = PBXBuildFile; fileRef = ACA27F701D3CE0F9001390D9 /* CoreGraphics.framework */; };
		ACA27F731D3CE105001390D9 /* SystemConfiguration.framework in Frameworks */ = {isa = PBXBuildFile; fileRef = ACA27F721D3CE105001390D9 /* SystemConfiguration.framework */; };
		ACA27F751D3CE10F001390D9 /* libz.tbd in Frameworks */ = {isa = PBXBuildFile; fileRef = ACA27F741D3CE10F001390D9 /* libz.tbd */; };
		ACA27F771D3CE115001390D9 /* Security.framework in Frameworks */ = {isa = PBXBuildFile; fileRef = ACA27F761D3CE115001390D9 /* Security.framework */; };
		ACA27F791D3CE11D001390D9 /* CoreTelephony.framework in Frameworks */ = {isa = PBXBuildFile; fileRef = ACA27F781D3CE11D001390D9 /* CoreTelephony.framework */; };
		ACA27F7D1D3CE391001390D9 /* libsqlite3.0.tbd in Frameworks */ = {isa = PBXBuildFile; fileRef = ACA27F7C1D3CE391001390D9 /* libsqlite3.0.tbd */; };
/* End PBXBuildFile section */

/* Begin PBXFileReference section */
		ACA27F461D3CE072001390D9 /* WeiXinPay.app */ = {isa = PBXFileReference; explicitFileType = wrapper.application; includeInIndex = 0; path = WeiXinPay.app; sourceTree = BUILT_PRODUCTS_DIR; };
		ACA27F4A1D3CE072001390D9 /* main.m */ = {isa = PBXFileReference; lastKnownFileType = sourcecode.c.objc; path = main.m; sourceTree = "<group>"; };
		ACA27F4C1D3CE072001390D9 /* AppDelegate.h */ = {isa = PBXFileReference; lastKnownFileType = sourcecode.c.h; path = AppDelegate.h; sourceTree = "<group>"; };
		ACA27F4D1D3CE072001390D9 /* AppDelegate.m */ = {isa = PBXFileReference; lastKnownFileType = sourcecode.c.objc; path = AppDelegate.m; sourceTree = "<group>"; };
		ACA27F4F1D3CE072001390D9 /* ViewController.h */ = {isa = PBXFileReference; lastKnownFileType = sourcecode.c.h; path = ViewController.h; sourceTree = "<group>"; };
		ACA27F501D3CE072001390D9 /* ViewController.m */ = {isa = PBXFileReference; lastKnownFileType = sourcecode.c.objc; path = ViewController.m; sourceTree = "<group>"; };
		ACA27F531D3CE072001390D9 /* Base */ = {isa = PBXFileReference; lastKnownFileType = file.storyboard; name = Base; path = Base.lproj/Main.storyboard; sourceTree = "<group>"; };
		ACA27F551D3CE072001390D9 /* Assets.xcassets */ = {isa = PBXFileReference; lastKnownFileType = folder.assetcatalog; path = Assets.xcassets; sourceTree = "<group>"; };
		ACA27F581D3CE072001390D9 /* Base */ = {isa = PBXFileReference; lastKnownFileType = file.storyboard; name = Base; path = Base.lproj/LaunchScreen.storyboard; sourceTree = "<group>"; };
		ACA27F5A1D3CE072001390D9 /* Info.plist */ = {isa = PBXFileReference; lastKnownFileType = text.plist.xml; path = Info.plist; sourceTree = "<group>"; };
		ACA27F631D3CE0DA001390D9 /* ApiXml.h */ = {isa = PBXFileReference; fileEncoding = 4; lastKnownFileType = sourcecode.c.h; path = ApiXml.h; sourceTree = "<group>"; };
		ACA27F641D3CE0DA001390D9 /* ApiXml.mm */ = {isa = PBXFileReference; fileEncoding = 4; lastKnownFileType = sourcecode.cpp.objcpp; path = ApiXml.mm; sourceTree = "<group>"; };
		ACA27F651D3CE0DA001390D9 /* payRequsestHandler.h */ = {isa = PBXFileReference; fileEncoding = 4; lastKnownFileType = sourcecode.c.h; path = payRequsestHandler.h; sourceTree = "<group>"; };
		ACA27F661D3CE0DA001390D9 /* payRequsestHandler.mm */ = {isa = PBXFileReference; fileEncoding = 4; lastKnownFileType = sourcecode.cpp.objcpp; path = payRequsestHandler.mm; sourceTree = "<group>"; };
		ACA27F671D3CE0DA001390D9 /* WXUtil.h */ = {isa = PBXFileReference; fileEncoding = 4; lastKnownFileType = sourcecode.c.h; path = WXUtil.h; sourceTree = "<group>"; };
		ACA27F681D3CE0DA001390D9 /* WXUtil.mm */ = {isa = PBXFileReference; fileEncoding = 4; lastKnownFileType = sourcecode.cpp.objcpp; path = WXUtil.mm; sourceTree = "<group>"; };
		ACA27F6C1D3CE0E1001390D9 /* libWeChatSDK.a */ = {isa = PBXFileReference; lastKnownFileType = archive.ar; path = libWeChatSDK.a; sourceTree = "<group>"; };
		ACA27F6D1D3CE0E1001390D9 /* WXApi.h */ = {isa = PBXFileReference; fileEncoding = 4; lastKnownFileType = sourcecode.c.h; path = WXApi.h; sourceTree = "<group>"; };
		ACA27F6E1D3CE0E1001390D9 /* WXApiObject.h */ = {isa = PBXFileReference; fileEncoding = 4; lastKnownFileType = sourcecode.c.h; path = WXApiObject.h; sourceTree = "<group>"; };
		ACA27F701D3CE0F9001390D9 /* CoreGraphics.framework */ = {isa = PBXFileReference; lastKnownFileType = wrapper.framework; name = CoreGraphics.framework; path = System/Library/Frameworks/CoreGraphics.framework; sourceTree = SDKROOT; };
		ACA27F721D3CE105001390D9 /* SystemConfiguration.framework */ = {isa = PBXFileReference; lastKnownFileType = wrapper.framework; name = SystemConfiguration.framework; path = System/Library/Frameworks/SystemConfiguration.framework; sourceTree = SDKROOT; };
		ACA27F741D3CE10F001390D9 /* libz.tbd */ = {isa = PBXFileReference; lastKnownFileType = "sourcecode.text-based-dylib-definition"; name = libz.tbd; path = usr/lib/libz.tbd; sourceTree = SDKROOT; };
		ACA27F761D3CE115001390D9 /* Security.framework */ = {isa = PBXFileReference; lastKnownFileType = wrapper.framework; name = Security.framework; path = System/Library/Frameworks/Security.framework; sourceTree = SDKROOT; };
		ACA27F781D3CE11D001390D9 /* CoreTelephony.framework */ = {isa = PBXFileReference; lastKnownFileType = wrapper.framework; name = CoreTelephony.framework; path = System/Library/Frameworks/CoreTelephony.framework; sourceTree = SDKROOT; };
		ACA27F7B1D3CE1D9001390D9 /* PrefixHeader.pch */ = {isa = PBXFileReference; fileEncoding = 4; lastKnownFileType = sourcecode.c.h; path = PrefixHeader.pch; sourceTree = "<group>"; };
		ACA27F7C1D3CE391001390D9 /* libsqlite3.0.tbd */ = {isa = PBXFileReference; lastKnownFileType = "sourcecode.text-based-dylib-definition"; name = libsqlite3.0.tbd; path = usr/lib/libsqlite3.0.tbd; sourceTree = SDKROOT; };
/* End PBXFileReference section */

/* Begin PBXFrameworksBuildPhase section */
		ACA27F431D3CE072001390D9 /* Frameworks */ = {
			isa = PBXFrameworksBuildPhase;
			buildActionMask = 2147483647;
			files = (
				ACA27F7D1D3CE391001390D9 /* libsqlite3.0.tbd in Frameworks */,
				ACA27F791D3CE11D001390D9 /* CoreTelephony.framework in Frameworks */,
				ACA27F771D3CE115001390D9 /* Security.framework in Frameworks */,
				ACA27F751D3CE10F001390D9 /* libz.tbd in Frameworks */,
				ACA27F731D3CE105001390D9 /* SystemConfiguration.framework in Frameworks */,
				ACA27F711D3CE0F9001390D9 /* CoreGraphics.framework in Frameworks */,
				ACA27F6F1D3CE0E1001390D9 /* libWeChatSDK.a in Frameworks */,
			);
			runOnlyForDeploymentPostprocessing = 0;
		};
/* End PBXFrameworksBuildPhase section */

/* Begin PBXGroup section */
		ACA27F3D1D3CE072001390D9 = {
			isa = PBXGroup;
			children = (
				ACA27F7B1D3CE1D9001390D9 /* PrefixHeader.pch */,
				ACA27F481D3CE072001390D9 /* WeiXinPay */,
				ACA27F471D3CE072001390D9 /* Products */,
			);
			sourceTree = "<group>";
		};
		ACA27F471D3CE072001390D9 /* Products */ = {
			isa = PBXGroup;
			children = (
				ACA27F461D3CE072001390D9 /* WeiXinPay.app */,
			);
			name = Products;
			sourceTree = "<group>";
		};
		ACA27F481D3CE072001390D9 /* WeiXinPay */ = {
			isa = PBXGroup;
			children = (
				ACA27F611D3CE0C8001390D9 /* Resource */,
				ACA27F601D3CE0C8001390D9 /* lib */,
				ACA27F621D3CE0C8001390D9 /* WXSDK */,
				ACA27F4C1D3CE072001390D9 /* AppDelegate.h */,
				ACA27F4D1D3CE072001390D9 /* AppDelegate.m */,
				ACA27F4F1D3CE072001390D9 /* ViewController.h */,
				ACA27F501D3CE072001390D9 /* ViewController.m */,
				ACA27F521D3CE072001390D9 /* Main.storyboard */,
				ACA27F551D3CE072001390D9 /* Assets.xcassets */,
				ACA27F571D3CE072001390D9 /* LaunchScreen.storyboard */,
				ACA27F5A1D3CE072001390D9 /* Info.plist */,
				ACA27F491D3CE072001390D9 /* Supporting Files */,
			);
			path = WeiXinPay;
			sourceTree = "<group>";
		};
		ACA27F491D3CE072001390D9 /* Supporting Files */ = {
			isa = PBXGroup;
			children = (
				ACA27F4A1D3CE072001390D9 /* main.m */,
			);
			name = "Supporting Files";
			sourceTree = "<group>";
		};
		ACA27F601D3CE0C8001390D9 /* lib */ = {
			isa = PBXGroup;
			children = (
				ACA27F631D3CE0DA001390D9 /* ApiXml.h */,
				ACA27F641D3CE0DA001390D9 /* ApiXml.mm */,
				ACA27F651D3CE0DA001390D9 /* payRequsestHandler.h */,
				ACA27F661D3CE0DA001390D9 /* payRequsestHandler.mm */,
				ACA27F671D3CE0DA001390D9 /* WXUtil.h */,
				ACA27F681D3CE0DA001390D9 /* WXUtil.mm */,
			);
			path = lib;
			sourceTree = "<group>";
		};
		ACA27F611D3CE0C8001390D9 /* Resource */ = {
			isa = PBXGroup;
			children = (
				ACA27F7C1D3CE391001390D9 /* libsqlite3.0.tbd */,
				ACA27F781D3CE11D001390D9 /* CoreTelephony.framework */,
				ACA27F761D3CE115001390D9 /* Security.framework */,
				ACA27F741D3CE10F001390D9 /* libz.tbd */,
				ACA27F721D3CE105001390D9 /* SystemConfiguration.framework */,
				ACA27F701D3CE0F9001390D9 /* CoreGraphics.framework */,
			);
			path = Resource;
			sourceTree = "<group>";
		};
		ACA27F621D3CE0C8001390D9 /* WXSDK */ = {
			isa = PBXGroup;
			children = (
				ACA27F6C1D3CE0E1001390D9 /* libWeChatSDK.a */,
				ACA27F6D1D3CE0E1001390D9 /* WXApi.h */,
				ACA27F6E1D3CE0E1001390D9 /* WXApiObject.h */,
			);
			path = WXSDK;
			sourceTree = "<group>";
		};
/* End PBXGroup section */

/* Begin PBXNativeTarget section */
		ACA27F451D3CE072001390D9 /* WeiXinPay */ = {
			isa = PBXNativeTarget;
			buildConfigurationList = ACA27F5D1D3CE072001390D9 /* Build configuration list for PBXNativeTarget "WeiXinPay" */;
			buildPhases = (
				ACA27F421D3CE072001390D9 /* Sources */,
				ACA27F431D3CE072001390D9 /* Frameworks */,
				ACA27F441D3CE072001390D9 /* Resources */,
			);
			buildRules = (
			);
			dependencies = (
			);
			name = WeiXinPay;
			productName = WeiXinPay;
			productReference = ACA27F461D3CE072001390D9 /* WeiXinPay.app */;
			productType = "com.apple.product-type.application";
		};
/* End PBXNativeTarget section */

/* Begin PBXProject section */
		ACA27F3E1D3CE072001390D9 /* Project object */ = {
			isa = PBXProject;
			attributes = {
				LastUpgradeCheck = 0720;
				ORGANIZATIONNAME = ios_kai;
				TargetAttributes = {
					ACA27F451D3CE072001390D9 = {
						CreatedOnToolsVersion = 7.2.1;
					};
				};
			};
			buildConfigurationList = ACA27F411D3CE072001390D9 /* Build configuration list for PBXProject "WeiXinPay" */;
			compatibilityVersion = "Xcode 3.2";
			developmentRegion = English;
			hasScannedForEncodings = 0;
			knownRegions = (
				en,
				Base,
			);
			mainGroup = ACA27F3D1D3CE072001390D9;
			productRefGroup = ACA27F471D3CE072001390D9 /* Products */;
			projectDirPath = "";
			projectRoot = "";
			targets = (
				ACA27F451D3CE072001390D9 /* WeiXinPay */,
			);
		};
/* End PBXProject section */

/* Begin PBXResourcesBuildPhase section */
		ACA27F441D3CE072001390D9 /* Resources */ = {
			isa = PBXResourcesBuildPhase;
			buildActionMask = 2147483647;
			files = (
				ACA27F591D3CE072001390D9 /* LaunchScreen.storyboard in Resources */,
				ACA27F561D3CE072001390D9 /* Assets.xcassets in Resources */,
				ACA27F541D3CE072001390D9 /* Main.storyboard in Resources */,
			);
			runOnlyForDeploymentPostprocessing = 0;
		};
/* End PBXResourcesBuildPhase section */

/* Begin PBXSourcesBuildPhase section */
		ACA27F421D3CE072001390D9 /* Sources */ = {
			isa = PBXSourcesBuildPhase;
			buildActionMask = 2147483647;
			files = (
				ACA27F6B1D3CE0DA001390D9 /* WXUtil.mm in Sources */,
				ACA27F691D3CE0DA001390D9 /* ApiXml.mm in Sources */,
				ACA27F511D3CE072001390D9 /* ViewController.m in Sources */,
				ACA27F4E1D3CE072001390D9 /* AppDelegate.m in Sources */,
				ACA27F4B1D3CE072001390D9 /* main.m in Sources */,
				ACA27F6A1D3CE0DA001390D9 /* payRequsestHandler.mm in Sources */,
			);
			runOnlyForDeploymentPostprocessing = 0;
		};
/* End PBXSourcesBuildPhase section */

/* Begin PBXVariantGroup section */
		ACA27F521D3CE072001390D9 /* Main.storyboard */ = {
			isa = PBXVariantGroup;
			children = (
				ACA27F531D3CE072001390D9 /* Base */,
			);
			name = Main.storyboard;
			sourceTree = "<group>";
		};
		ACA27F571D3CE072001390D9 /* LaunchScreen.storyboard */ = {
			isa = PBXVariantGroup;
			children = (
				ACA27F581D3CE072001390D9 /* Base */,
			);
			name = LaunchScreen.storyboard;
			sourceTree = "<group>";
		};
/* End PBXVariantGroup section */

/* Begin XCBuildConfiguration section */
		ACA27F5B1D3CE072001390D9 /* Debug */ = {
			isa = XCBuildConfiguration;
			buildSettings = {
				ALWAYS_SEARCH_USER_PATHS = NO;
				CLANG_CXX_LANGUAGE_STANDARD = "gnu++0x";
				CLANG_CXX_LIBRARY = "libc++";
				CLANG_ENABLE_MODULES = YES;
				CLANG_ENABLE_OBJC_ARC = YES;
				CLANG_WARN_BOOL_CONVERSION = YES;
				CLANG_WARN_CONSTANT_CONVERSION = YES;
				CLANG_WARN_DIRECT_OBJC_ISA_USAGE = YES_ERROR;
				CLANG_WARN_EMPTY_BODY = YES;
				CLANG_WARN_ENUM_CONVERSION = YES;
				CLANG_WARN_INT_CONVERSION = YES;
				CLANG_WARN_OBJC_ROOT_CLASS = YES_ERROR;
				CLANG_WARN_UNREACHABLE_CODE = YES;
				CLANG_WARN__DUPLICATE_METHOD_MATCH = YES;
				"CODE_SIGN_IDENTITY[sdk=iphoneos*]" = "iPhone Developer";
				COPY_PHASE_STRIP = NO;
				DEBUG_INFORMATION_FORMAT = dwarf;
				ENABLE_STRICT_OBJC_MSGSEND = YES;
				ENABLE_TESTABILITY = YES;
				GCC_C_LANGUAGE_STANDARD = gnu99;
				GCC_DYNAMIC_NO_PIC = NO;
				GCC_NO_COMMON_BLOCKS = YES;
				GCC_OPTIMIZATION_LEVEL = 0;
				GCC_PREPROCESSOR_DEFINITIONS = (
					"DEBUG=1",
					"$(inherited)",
				);
				GCC_WARN_64_TO_32_BIT_CONVERSION = YES;
				GCC_WARN_ABOUT_RETURN_TYPE = YES_ERROR;
				GCC_WARN_UNDECLARED_SELECTOR = YES;
				GCC_WARN_UNINITIALIZED_AUTOS = YES_AGGRESSIVE;
				GCC_WARN_UNUSED_FUNCTION = YES;
				GCC_WARN_UNUSED_VARIABLE = YES;
				IPHONEOS_DEPLOYMENT_TARGET = 9.2;
				MTL_ENABLE_DEBUG_INFO = YES;
				ONLY_ACTIVE_ARCH = YES;
				SDKROOT = iphoneos;
			};
			name = Debug;
		};
		ACA27F5C1D3CE072001390D9 /* Release */ = {
			isa = XCBuildConfiguration;
			buildSettings = {
				ALWAYS_SEARCH_USER_PATHS = NO;
				CLANG_CXX_LANGUAGE_STANDARD = "gnu++0x";
				CLANG_CXX_LIBRARY = "libc++";
				CLANG_ENABLE_MODULES = YES;
				CLANG_ENABLE_OBJC_ARC = YES;
				CLANG_WARN_BOOL_CONVERSION = YES;
				CLANG_WARN_CONSTANT_CONVERSION = YES;
				CLANG_WARN_DIRECT_OBJC_ISA_USAGE = YES_ERROR;
				CLANG_WARN_EMPTY_BODY = YES;
				CLANG_WARN_ENUM_CONVERSION = YES;
				CLANG_WARN_INT_CONVERSION = YES;
				CLANG_WARN_OBJC_ROOT_CLASS = YES_ERROR;
				CLANG_WARN_UNREACHABLE_CODE = YES;
				CLANG_WARN__DUPLICATE_METHOD_MATCH = YES;
				"CODE_SIGN_IDENTITY[sdk=iphoneos*]" = "iPhone Developer";
				COPY_PHASE_STRIP = NO;
				DEBUG_INFORMATION_FORMAT = "dwarf-with-dsym";
				ENABLE_NS_ASSERTIONS = NO;
				ENABLE_STRICT_OBJC_MSGSEND = YES;
				GCC_C_LANGUAGE_STANDARD = gnu99;
				GCC_NO_COMMON_BLOCKS = YES;
				GCC_WARN_64_TO_32_BIT_CONVERSION = YES;
				GCC_WARN_ABOUT_RETURN_TYPE = YES_ERROR;
				GCC_WARN_UNDECLARED_SELECTOR = YES;
				GCC_WARN_UNINITIALIZED_AUTOS = YES_AGGRESSIVE;
				GCC_WARN_UNUSED_FUNCTION = YES;
				GCC_WARN_UNUSED_VARIABLE = YES;
				IPHONEOS_DEPLOYMENT_TARGET = 9.2;
				MTL_ENABLE_DEBUG_INFO = NO;
				SDKROOT = iphoneos;
				VALIDATE_PRODUCT = YES;
			};
			name = Release;
		};
		ACA27F5E1D3CE072001390D9 /* Debug */ = {
			isa = XCBuildConfiguration;
			buildSettings = {
				ASSETCATALOG_COMPILER_APPICON_NAME = AppIcon;
				CODE_SIGN_IDENTITY = "iPhone Developer";
				ENABLE_BITCODE = NO;
				GCC_PREFIX_HEADER = PrefixHeader.pch;
				INFOPLIST_FILE = WeiXinPay/Info.plist;
				IPHONEOS_DEPLOYMENT_TARGET = 8.1;
				LD_RUNPATH_SEARCH_PATHS = "$(inherited) @executable_path/Frameworks";
				LIBRARY_SEARCH_PATHS = (
					"$(inherited)",
					"$(PROJECT_DIR)/WeiXinPay/WXSDK",
				);
				PRODUCT_BUNDLE_IDENTIFIER = com.production.a;
				PRODUCT_NAME = "$(TARGET_NAME)";
			};
			name = Debug;
		};
		ACA27F5F1D3CE072001390D9 /* Release */ = {
			isa = XCBuildConfiguration;
			buildSettings = {
				ASSETCATALOG_COMPILER_APPICON_NAME = AppIcon;
				CODE_SIGN_IDENTITY = "iPhone Developer";
				ENABLE_BITCODE = NO;
				GCC_PREFIX_HEADER = PrefixHeader.pch;
				INFOPLIST_FILE = WeiXinPay/Info.plist;
				IPHONEOS_DEPLOYMENT_TARGET = 8.1;
				LD_RUNPATH_SEARCH_PATHS = "$(inherited) @executable_path/Frameworks";
				LIBRARY_SEARCH_PATHS = (
					"$(inherited)",
					"$(PROJECT_DIR)/WeiXinPay/WXSDK",
				);
				PRODUCT_BUNDLE_IDENTIFIER = com.production.a;
				PRODUCT_NAME = "$(TARGET_NAME)";
			};
			name = Release;
		};
/* End XCBuildConfiguration section */

/* Begin XCConfigurationList section */
		ACA27F411D3CE072001390D9 /* Build configuration list for PBXProject "WeiXinPay" */ = {
			isa = XCConfigurationList;
			buildConfigurations = (
				ACA27F5B1D3CE072001390D9 /* Debug */,
				ACA27F5C1D3CE072001390D9 /* Release */,
			);
			defaultConfigurationIsVisible = 0;
			defaultConfigurationName = Release;
		};
		ACA27F5D1D3CE072001390D9 /* Build configuration list for PBXNativeTarget "WeiXinPay" */ = {
			isa = XCConfigurationList;
			buildConfigurations = (
				ACA27F5E1D3CE072001390D9 /* Debug */,
				ACA27F5F1D3CE072001390D9 /* Release */,
			);
			defaultConfigurationIsVisible = 0;
			defaultConfigurationName = Release;
		};
/* End XCConfigurationList section */
	};
	rootObject = ACA27F3E1D3CE072001390D9 /* Project object */;
}
